# THIS IS AN AUTOGENERATED FILE. DO NOT EDIT THIS FILE DIRECTLY.
# yarn lockfile v1


fastify-plugin@^1.6.0:
  version "1.6.0"
  resolved "https://registry.yarnpkg.com/fastify-plugin/-/fastify-plugin-1.6.0.tgz#c8198b08608f20c502b5dad26b36e9ae27206d7c"
  integrity sha512-lFa9txg8LZx4tljj33oG53nUXhVg0baZxtP9Pxi0dJmI0NQxzkDk5DS9kr3D7iMalUAp3mvIq16OQumc7eIvLA==
  dependencies:
    semver "^6.0.0"

lodash@^4.17.15:
  version "4.17.15"
  resolved "https://registry.yarnpkg.com/lodash/-/lodash-4.17.15.tgz#b447f6670a0455bbfeedd11392eff330ea097548"
  integrity sha512-8xOcRHvCjnocdS5cpwXQXVzmmh5e5+saE2QGoeQmbKmRS6J3VQppPOIt0MnmE+4xlZoumy0GPG0D0MVIQbNA1A==

semver@^6.0.0:
  version "6.3.0"
  resolved "https://registry.yarnpkg.com/semver/-/semver-6.3.0.tgz#ee0a64c8af5e8ceea67687b133761e1becbd1d3d"
  integrity sha512-b39TBaTSfV6yBrapU89p5fKekE2m/NwnDocOVruQFS1/veMgdzuPcnOM34M6CwxW8jH/lxEa5rBoDeUwu5HHTw==
